
Microsoft Visual Studio Solution File, Format Version 12.00
# Visual Studio 2015
Project("{FAE04EC0-301F-11D3-BF4B-00C04F79EFBC}") = "3DSLoader.CSharp", "3DSLoader.CSharp.csproj", "{80805200-1F5D-3088-4F48-E1CE609C7312}"
EndProject
Global
	GlobalSection(SolutionConfigurationPlatforms) = preSolution
		Debug|Any CPU = Debug|Any CPU
		Release|Any CPU = Release|Any CPU
	EndGlobalSection
	GlobalSection(ProjectConfigurationPlatforms) = postSolution
		{80805200-1F5D-3088-4F48-E1CE609C7312}.Debug|Any CPU.ActiveCfg = Debug|Any CPU
		{80805200-1F5D-3088-4F48-E1CE609C7312}.Debug|Any CPU.Build.0 = Debug|Any CPU
		{80805200-1F5D-3088-4F48-E1CE609C7312}.Release|Any CPU.ActiveCfg = Release|Any CPU
		{80805200-1F5D-3088-4F48-E1CE609C7312}.Release|Any CPU.Build.0 = Release|Any CPU
	EndGlobalSection
	GlobalSection(SolutionProperties) = preSolution
		HideSolutionNode = FALSE
	EndGlobalSection
EndGlobal
